
Microsoft Visual Studio Solution File, Format Version 12.00
# Visual Studio Version 16
VisualStudioVersion = 16.0.30523.141
MinimumVisualStudioVersion = 10.0.40219.1
Project("{FAE04EC0-301F-11D3-BF4B-00C04F79EFBC}") = "CSharpLabs2024", "CSharpLabs2024.csproj", "{1AB3B433-58B5-4D64-8118-07E7ADBC9F05}"
EndProject
Global
	GlobalSection(SolutionConfigurationPlatforms) = preSolution
		Debug|Any CPU = Debug|Any CPU
		Release|Any CPU = Release|Any CPU
	EndGlobalSection
	GlobalSection(ProjectConfigurationPlatforms) = postSolution
		{1AB3B433-58B5-4D64-8118-07E7ADBC9F05}.Debug|Any CPU.ActiveCfg = Debug|Any CPU
		{1AB3B433-58B5-4D64-8118-07E7ADBC9F05}.Debug|Any CPU.Build.0 = Debug|Any CPU
		{1AB3B433-58B5-4D64-8118-07E7ADBC9F05}.Release|Any CPU.ActiveCfg = Release|Any CPU
		{1AB3B433-58B5-4D64-8118-07E7ADBC9F05}.Release|Any CPU.Build.0 = Release|Any CPU
	EndGlobalSection
	GlobalSection(SolutionProperties) = preSolution
		HideSolutionNode = FALSE
	EndGlobalSection
	GlobalSection(ExtensibilityGlobals) = postSolution
		SolutionGuid = {1BEB358F-978A-45D4-A2A8-025B277BD85A}
	EndGlobalSection
EndGlobal
